<?xml version="1.0" encoding="utf-8"?>
<Project ToolsVersion="17.0" xmlns="http://schemas.microsoft.com/developer/msbuild/2003">
  <ItemGroup>
    <CustomBuild Include="C:\Users\meven\Documents\Dev\Smash Ultimate\Smash-Ultimate\V1\_build_vs\CMakeFiles\19b2afe1d31ae91275fbb867857705fe\generate.stamp.rule">
      <Filter>CMake Rules</Filter>
    </CustomBuild>
  </ItemGroup>
  <ItemGroup>
    <Filter Include="CMake Rules">
      <UniqueIdentifier>{20749B6E-4E15-3C68-8505-41CF9E8AE693}</UniqueIdentifier>
    </Filter>
  </ItemGroup>
</Project>
