<?xml version="1.0" encoding="utf-8"?>
<Project ToolsVersion="17.0" xmlns="http://schemas.microsoft.com/developer/msbuild/2003">
  <ItemGroup>
    <ClCompile Include="C:\Users\meven\Documents\Dev\Smash Ultimate\Smash-Ultimate\V1\engine\src\ecs\basic_components.cpp">
      <Filter>sources\ecs</Filter>
    </ClCompile>
    <ClCompile Include="C:\Users\meven\Documents\Dev\Smash Ultimate\Smash-Ultimate\V1\engine\src\ecs\basic_systems.cpp">
      <Filter>sources\ecs</Filter>
    </ClCompile>
    <ClCompile Include="C:\Users\meven\Documents\Dev\Smash Ultimate\Smash-Ultimate\V1\engine\src\ecs\command_buffer.cpp">
      <Filter>sources\ecs</Filter>
    </ClCompile>
    <ClCompile Include="C:\Users\meven\Documents\Dev\Smash Ultimate\Smash-Ultimate\V1\engine\src\game_engine_common.cpp">
      <Filter>sources</Filter>
    </ClCompile>
    <ClCompile Include="C:\Users\meven\Documents\Dev\Smash Ultimate\Smash-Ultimate\V1\engine\src\imgui\imgui_basic_components.cpp">
      <Filter>sources\imgui</Filter>
    </ClCompile>
    <ClCompile Include="C:\Users\meven\Documents\Dev\Smash Ultimate\Smash-Ultimate\V1\engine\src\imgui\imgui_component_base.cpp">
      <Filter>sources\imgui</Filter>
    </ClCompile>
    <ClCompile Include="C:\Users\meven\Documents\Dev\Smash Ultimate\Smash-Ultimate\V1\engine\src\imgui\imgui_manager_base.cpp">
      <Filter>sources\imgui</Filter>
    </ClCompile>
    <ClCompile Include="C:\Users\meven\Documents\Dev\Smash Ultimate\Smash-Ultimate\V1\engine\src\input\input_group.cpp">
      <Filter>sources\input</Filter>
    </ClCompile>
    <ClCompile Include="C:\Users\meven\Documents\Dev\Smash Ultimate\Smash-Ultimate\V1\engine\src\input\input_manager.cpp">
      <Filter>sources\input</Filter>
    </ClCompile>
    <ClCompile Include="C:\Users\meven\Documents\Dev\Smash Ultimate\Smash-Ultimate\V1\engine\src\input\ui_input.cpp">
      <Filter>sources\input</Filter>
    </ClCompile>
    <ClCompile Include="C:\Users\meven\Documents\Dev\Smash Ultimate\Smash-Ultimate\V1\engine\src\rendering\anim.cpp">
      <Filter>sources\rendering</Filter>
    </ClCompile>
    <ClCompile Include="C:\Users\meven\Documents\Dev\Smash Ultimate\Smash-Ultimate\V1\engine\src\rendering\easing_fct.cpp">
      <Filter>sources\rendering</Filter>
    </ClCompile>
    <ClCompile Include="C:\Users\meven\Documents\Dev\Smash Ultimate\Smash-Ultimate\V1\engine\src\rendering\renderer.cpp">
      <Filter>sources\rendering</Filter>
    </ClCompile>
    <ClCompile Include="C:\Users\meven\Documents\Dev\Smash Ultimate\Smash-Ultimate\V1\engine\src\rendering\sprite_anim.cpp">
      <Filter>sources\rendering</Filter>
    </ClCompile>
    <ClCompile Include="C:\Users\meven\Documents\Dev\Smash Ultimate\Smash-Ultimate\V1\engine\src\rendering\sprite_sheet.cpp">
      <Filter>sources\rendering</Filter>
    </ClCompile>
    <ClCompile Include="C:\Users\meven\Documents\Dev\Smash Ultimate\Smash-Ultimate\V1\engine\src\scene\asset_manager.cpp">
      <Filter>sources\scene</Filter>
    </ClCompile>
    <ClCompile Include="C:\Users\meven\Documents\Dev\Smash Ultimate\Smash-Ultimate\V1\engine\src\scene\particle_system.cpp">
      <Filter>sources\scene</Filter>
    </ClCompile>
    <ClCompile Include="C:\Users\meven\Documents\Dev\Smash Ultimate\Smash-Ultimate\V1\engine\src\scene\scene.cpp">
      <Filter>sources\scene</Filter>
    </ClCompile>
    <ClCompile Include="C:\Users\meven\Documents\Dev\Smash Ultimate\Smash-Ultimate\V1\engine\src\scene\scene_manager.cpp">
      <Filter>sources\scene</Filter>
    </ClCompile>
    <ClCompile Include="C:\Users\meven\Documents\Dev\Smash Ultimate\Smash-Ultimate\V1\engine\src\ui\base\ui_base_list.cpp">
      <Filter>sources\ui\base</Filter>
    </ClCompile>
    <ClCompile Include="C:\Users\meven\Documents\Dev\Smash Ultimate\Smash-Ultimate\V1\engine\src\ui\base\ui_canvas.cpp">
      <Filter>sources\ui\base</Filter>
    </ClCompile>
    <ClCompile Include="C:\Users\meven\Documents\Dev\Smash Ultimate\Smash-Ultimate\V1\engine\src\ui\base\ui_grid_layout.cpp">
      <Filter>sources\ui\base</Filter>
    </ClCompile>
    <ClCompile Include="C:\Users\meven\Documents\Dev\Smash Ultimate\Smash-Ultimate\V1\engine\src\ui\base\ui_selectable.cpp">
      <Filter>sources\ui\base</Filter>
    </ClCompile>
    <ClCompile Include="C:\Users\meven\Documents\Dev\Smash Ultimate\Smash-Ultimate\V1\engine\src\ui\base\ui_selectable_group.cpp">
      <Filter>sources\ui\base</Filter>
    </ClCompile>
    <ClCompile Include="C:\Users\meven\Documents\Dev\Smash Ultimate\Smash-Ultimate\V1\engine\src\ui\interaction\ui_button.cpp">
      <Filter>sources\ui\interaction</Filter>
    </ClCompile>
    <ClCompile Include="C:\Users\meven\Documents\Dev\Smash Ultimate\Smash-Ultimate\V1\engine\src\ui\interaction\ui_item_list.cpp">
      <Filter>sources\ui\interaction</Filter>
    </ClCompile>
    <ClCompile Include="C:\Users\meven\Documents\Dev\Smash Ultimate\Smash-Ultimate\V1\engine\src\ui\ui_object.cpp">
      <Filter>sources\ui</Filter>
    </ClCompile>
    <ClCompile Include="C:\Users\meven\Documents\Dev\Smash Ultimate\Smash-Ultimate\V1\engine\src\ui\ui_object_manager.cpp">
      <Filter>sources\ui</Filter>
    </ClCompile>
    <ClCompile Include="C:\Users\meven\Documents\Dev\Smash Ultimate\Smash-Ultimate\V1\engine\src\ui\visual\ui_animator.cpp">
      <Filter>sources\ui\visual</Filter>
    </ClCompile>
    <ClCompile Include="C:\Users\meven\Documents\Dev\Smash Ultimate\Smash-Ultimate\V1\engine\src\ui\visual\ui_fill_rect.cpp">
      <Filter>sources\ui\visual</Filter>
    </ClCompile>
    <ClCompile Include="C:\Users\meven\Documents\Dev\Smash Ultimate\Smash-Ultimate\V1\engine\src\ui\visual\ui_image.cpp">
      <Filter>sources\ui\visual</Filter>
    </ClCompile>
    <ClCompile Include="C:\Users\meven\Documents\Dev\Smash Ultimate\Smash-Ultimate\V1\engine\src\ui\visual\ui_text.cpp">
      <Filter>sources\ui\visual</Filter>
    </ClCompile>
    <ClCompile Include="C:\Users\meven\Documents\Dev\Smash Ultimate\Smash-Ultimate\V1\engine\src\utils\color.cpp">
      <Filter>sources\utils</Filter>
    </ClCompile>
    <ClCompile Include="C:\Users\meven\Documents\Dev\Smash Ultimate\Smash-Ultimate\V1\engine\src\utils\gizmos_shape.cpp">
      <Filter>sources\utils</Filter>
    </ClCompile>
    <ClCompile Include="C:\Users\meven\Documents\Dev\Smash Ultimate\Smash-Ultimate\V1\engine\src\utils\timer.cpp">
      <Filter>sources\utils</Filter>
    </ClCompile>
    <ClCompile Include="C:\Users\meven\Documents\Dev\Smash Ultimate\Smash-Ultimate\V1\engine\src\utils\utils.cpp">
      <Filter>sources\utils</Filter>
    </ClCompile>
    <ClCompile Include="C:\Users\meven\Documents\Dev\Smash Ultimate\Smash-Ultimate\V1\third_party\imgui-1.91.9b\imgui.cpp">
      <Filter>third_party\im_gui</Filter>
    </ClCompile>
    <ClCompile Include="C:\Users\meven\Documents\Dev\Smash Ultimate\Smash-Ultimate\V1\third_party\imgui-1.91.9b\imgui_demo.cpp">
      <Filter>third_party\im_gui</Filter>
    </ClCompile>
    <ClCompile Include="C:\Users\meven\Documents\Dev\Smash Ultimate\Smash-Ultimate\V1\third_party\imgui-1.91.9b\imgui_draw.cpp">
      <Filter>third_party\im_gui</Filter>
    </ClCompile>
    <ClCompile Include="C:\Users\meven\Documents\Dev\Smash Ultimate\Smash-Ultimate\V1\third_party\imgui-1.91.9b\imgui_tables.cpp">
      <Filter>third_party\im_gui</Filter>
    </ClCompile>
    <ClCompile Include="C:\Users\meven\Documents\Dev\Smash Ultimate\Smash-Ultimate\V1\third_party\imgui-1.91.9b\imgui_widgets.cpp">
      <Filter>third_party\im_gui</Filter>
    </ClCompile>
    <ClCompile Include="C:\Users\meven\Documents\Dev\Smash Ultimate\Smash-Ultimate\V1\third_party\imgui-1.91.9b\backends\imgui_impl_sdl3.cpp">
      <Filter>third_party\im_gui\backends</Filter>
    </ClCompile>
    <ClCompile Include="C:\Users\meven\Documents\Dev\Smash Ultimate\Smash-Ultimate\V1\third_party\imgui-1.91.9b\backends\imgui_impl_sdlrenderer3.cpp">
      <Filter>third_party\im_gui\backends</Filter>
    </ClCompile>
    <ClCompile Include="C:\Users\meven\Documents\Dev\Smash Ultimate\Smash-Ultimate\V1\third_party\cJSON\cJSON.c">
      <Filter>third_party\cjson</Filter>
    </ClCompile>
  </ItemGroup>
  <ItemGroup>
    <ClInclude Include="C:\Users\meven\Documents\Dev\Smash Ultimate\Smash-Ultimate\V1\engine\src\ecs\basic_components.h">
      <Filter>sources\ecs</Filter>
    </ClInclude>
    <ClInclude Include="C:\Users\meven\Documents\Dev\Smash Ultimate\Smash-Ultimate\V1\engine\src\ecs\basic_systems.h">
      <Filter>sources\ecs</Filter>
    </ClInclude>
    <ClInclude Include="C:\Users\meven\Documents\Dev\Smash Ultimate\Smash-Ultimate\V1\engine\src\ecs\command_buffer.h">
      <Filter>sources\ecs</Filter>
    </ClInclude>
    <ClInclude Include="C:\Users\meven\Documents\Dev\Smash Ultimate\Smash-Ultimate\V1\engine\src\game_engine.h">
      <Filter>sources</Filter>
    </ClInclude>
    <ClInclude Include="C:\Users\meven\Documents\Dev\Smash Ultimate\Smash-Ultimate\V1\engine\src\game_engine_common.h">
      <Filter>sources</Filter>
    </ClInclude>
    <ClInclude Include="C:\Users\meven\Documents\Dev\Smash Ultimate\Smash-Ultimate\V1\engine\src\game_engine_settings.h">
      <Filter>sources</Filter>
    </ClInclude>
    <ClInclude Include="C:\Users\meven\Documents\Dev\Smash Ultimate\Smash-Ultimate\V1\engine\src\imgui\imgui_basic_components.h">
      <Filter>sources\imgui</Filter>
    </ClInclude>
    <ClInclude Include="C:\Users\meven\Documents\Dev\Smash Ultimate\Smash-Ultimate\V1\engine\src\imgui\imgui_component_base.h">
      <Filter>sources\imgui</Filter>
    </ClInclude>
    <ClInclude Include="C:\Users\meven\Documents\Dev\Smash Ultimate\Smash-Ultimate\V1\engine\src\imgui\imgui_manager_base.h">
      <Filter>sources\imgui</Filter>
    </ClInclude>
    <ClInclude Include="C:\Users\meven\Documents\Dev\Smash Ultimate\Smash-Ultimate\V1\engine\src\input\input_group.h">
      <Filter>sources\input</Filter>
    </ClInclude>
    <ClInclude Include="C:\Users\meven\Documents\Dev\Smash Ultimate\Smash-Ultimate\V1\engine\src\input\input_manager.h">
      <Filter>sources\input</Filter>
    </ClInclude>
    <ClInclude Include="C:\Users\meven\Documents\Dev\Smash Ultimate\Smash-Ultimate\V1\engine\src\input\ui_input.h">
      <Filter>sources\input</Filter>
    </ClInclude>
    <ClInclude Include="C:\Users\meven\Documents\Dev\Smash Ultimate\Smash-Ultimate\V1\engine\src\rendering\anim.h">
      <Filter>sources\rendering</Filter>
    </ClInclude>
    <ClInclude Include="C:\Users\meven\Documents\Dev\Smash Ultimate\Smash-Ultimate\V1\engine\src\rendering\easing_fct.h">
      <Filter>sources\rendering</Filter>
    </ClInclude>
    <ClInclude Include="C:\Users\meven\Documents\Dev\Smash Ultimate\Smash-Ultimate\V1\engine\src\rendering\renderer.h">
      <Filter>sources\rendering</Filter>
    </ClInclude>
    <ClInclude Include="C:\Users\meven\Documents\Dev\Smash Ultimate\Smash-Ultimate\V1\engine\src\rendering\sprite_anim.h">
      <Filter>sources\rendering</Filter>
    </ClInclude>
    <ClInclude Include="C:\Users\meven\Documents\Dev\Smash Ultimate\Smash-Ultimate\V1\engine\src\rendering\sprite_sheet.h">
      <Filter>sources\rendering</Filter>
    </ClInclude>
    <ClInclude Include="C:\Users\meven\Documents\Dev\Smash Ultimate\Smash-Ultimate\V1\engine\src\scene\asset_manager.h">
      <Filter>sources\scene</Filter>
    </ClInclude>
    <ClInclude Include="C:\Users\meven\Documents\Dev\Smash Ultimate\Smash-Ultimate\V1\engine\src\scene\particle_system.h">
      <Filter>sources\scene</Filter>
    </ClInclude>
    <ClInclude Include="C:\Users\meven\Documents\Dev\Smash Ultimate\Smash-Ultimate\V1\engine\src\scene\scene.h">
      <Filter>sources\scene</Filter>
    </ClInclude>
    <ClInclude Include="C:\Users\meven\Documents\Dev\Smash Ultimate\Smash-Ultimate\V1\engine\src\scene\scene_manager.h">
      <Filter>sources\scene</Filter>
    </ClInclude>
    <ClInclude Include="C:\Users\meven\Documents\Dev\Smash Ultimate\Smash-Ultimate\V1\engine\src\ui\base\ui_base_list.h">
      <Filter>sources\ui\base</Filter>
    </ClInclude>
    <ClInclude Include="C:\Users\meven\Documents\Dev\Smash Ultimate\Smash-Ultimate\V1\engine\src\ui\base\ui_canvas.h">
      <Filter>sources\ui\base</Filter>
    </ClInclude>
    <ClInclude Include="C:\Users\meven\Documents\Dev\Smash Ultimate\Smash-Ultimate\V1\engine\src\ui\base\ui_grid_layout.h">
      <Filter>sources\ui\base</Filter>
    </ClInclude>
    <ClInclude Include="C:\Users\meven\Documents\Dev\Smash Ultimate\Smash-Ultimate\V1\engine\src\ui\base\ui_selectable.h">
      <Filter>sources\ui\base</Filter>
    </ClInclude>
    <ClInclude Include="C:\Users\meven\Documents\Dev\Smash Ultimate\Smash-Ultimate\V1\engine\src\ui\base\ui_selectable_group.h">
      <Filter>sources\ui\base</Filter>
    </ClInclude>
    <ClInclude Include="C:\Users\meven\Documents\Dev\Smash Ultimate\Smash-Ultimate\V1\engine\src\ui\interaction\ui_button.h">
      <Filter>sources\ui\interaction</Filter>
    </ClInclude>
    <ClInclude Include="C:\Users\meven\Documents\Dev\Smash Ultimate\Smash-Ultimate\V1\engine\src\ui\interaction\ui_item_list.h">
      <Filter>sources\ui\interaction</Filter>
    </ClInclude>
    <ClInclude Include="C:\Users\meven\Documents\Dev\Smash Ultimate\Smash-Ultimate\V1\engine\src\ui\ui_object.h">
      <Filter>sources\ui</Filter>
    </ClInclude>
    <ClInclude Include="C:\Users\meven\Documents\Dev\Smash Ultimate\Smash-Ultimate\V1\engine\src\ui\ui_object_manager.h">
      <Filter>sources\ui</Filter>
    </ClInclude>
    <ClInclude Include="C:\Users\meven\Documents\Dev\Smash Ultimate\Smash-Ultimate\V1\engine\src\ui\visual\ui_animator.h">
      <Filter>sources\ui\visual</Filter>
    </ClInclude>
    <ClInclude Include="C:\Users\meven\Documents\Dev\Smash Ultimate\Smash-Ultimate\V1\engine\src\ui\visual\ui_fill_rect.h">
      <Filter>sources\ui\visual</Filter>
    </ClInclude>
    <ClInclude Include="C:\Users\meven\Documents\Dev\Smash Ultimate\Smash-Ultimate\V1\engine\src\ui\visual\ui_image.h">
      <Filter>sources\ui\visual</Filter>
    </ClInclude>
    <ClInclude Include="C:\Users\meven\Documents\Dev\Smash Ultimate\Smash-Ultimate\V1\engine\src\ui\visual\ui_text.h">
      <Filter>sources\ui\visual</Filter>
    </ClInclude>
    <ClInclude Include="C:\Users\meven\Documents\Dev\Smash Ultimate\Smash-Ultimate\V1\engine\src\utils\color.h">
      <Filter>sources\utils</Filter>
    </ClInclude>
    <ClInclude Include="C:\Users\meven\Documents\Dev\Smash Ultimate\Smash-Ultimate\V1\engine\src\utils\gizmos_shape.h">
      <Filter>sources\utils</Filter>
    </ClInclude>
    <ClInclude Include="C:\Users\meven\Documents\Dev\Smash Ultimate\Smash-Ultimate\V1\engine\src\utils\timer.h">
      <Filter>sources\utils</Filter>
    </ClInclude>
    <ClInclude Include="C:\Users\meven\Documents\Dev\Smash Ultimate\Smash-Ultimate\V1\engine\src\utils\utils.h">
      <Filter>sources\utils</Filter>
    </ClInclude>
    <ClInclude Include="C:\Users\meven\Documents\Dev\Smash Ultimate\Smash-Ultimate\V1\third_party\imgui-1.91.9b\imconfig.h">
      <Filter>third_party\im_gui</Filter>
    </ClInclude>
    <ClInclude Include="C:\Users\meven\Documents\Dev\Smash Ultimate\Smash-Ultimate\V1\third_party\imgui-1.91.9b\imgui.h">
      <Filter>third_party\im_gui</Filter>
    </ClInclude>
    <ClInclude Include="C:\Users\meven\Documents\Dev\Smash Ultimate\Smash-Ultimate\V1\third_party\imgui-1.91.9b\imgui_internal.h">
      <Filter>third_party\im_gui</Filter>
    </ClInclude>
    <ClInclude Include="C:\Users\meven\Documents\Dev\Smash Ultimate\Smash-Ultimate\V1\third_party\imgui-1.91.9b\imstb_rectpack.h">
      <Filter>third_party\im_gui</Filter>
    </ClInclude>
    <ClInclude Include="C:\Users\meven\Documents\Dev\Smash Ultimate\Smash-Ultimate\V1\third_party\imgui-1.91.9b\imstb_textedit.h">
      <Filter>third_party\im_gui</Filter>
    </ClInclude>
    <ClInclude Include="C:\Users\meven\Documents\Dev\Smash Ultimate\Smash-Ultimate\V1\third_party\imgui-1.91.9b\imstb_truetype.h">
      <Filter>third_party\im_gui</Filter>
    </ClInclude>
    <ClInclude Include="C:\Users\meven\Documents\Dev\Smash Ultimate\Smash-Ultimate\V1\third_party\imgui-1.91.9b\backends\imgui_impl_sdl3.h">
      <Filter>third_party\im_gui\backends</Filter>
    </ClInclude>
    <ClInclude Include="C:\Users\meven\Documents\Dev\Smash Ultimate\Smash-Ultimate\V1\third_party\imgui-1.91.9b\backends\imgui_impl_sdlrenderer3.h">
      <Filter>third_party\im_gui\backends</Filter>
    </ClInclude>
    <ClInclude Include="C:\Users\meven\Documents\Dev\Smash Ultimate\Smash-Ultimate\V1\third_party\cJSON\cJSON.h">
      <Filter>third_party\cjson</Filter>
    </ClInclude>
  </ItemGroup>
  <ItemGroup>
    <CustomBuild Include="C:\Users\meven\Documents\Dev\Smash Ultimate\Smash-Ultimate\V1\engine\CMakeLists.txt" />
  </ItemGroup>
  <ItemGroup>
    <Filter Include="sources">
      <UniqueIdentifier>{C08B6CCC-2124-3A44-B340-09C76C373EB7}</UniqueIdentifier>
    </Filter>
    <Filter Include="sources\ecs">
      <UniqueIdentifier>{93E32998-5700-3A6A-8908-FB6DDC46FA52}</UniqueIdentifier>
    </Filter>
    <Filter Include="sources\imgui">
      <UniqueIdentifier>{55E82761-3E3E-384B-961A-005918D84A6D}</UniqueIdentifier>
    </Filter>
    <Filter Include="sources\input">
      <UniqueIdentifier>{52230D25-ED07-3AC9-BC4F-5DABFB02D534}</UniqueIdentifier>
    </Filter>
    <Filter Include="sources\rendering">
      <UniqueIdentifier>{84C4C7BB-4279-3D84-B45A-515C5E2BDAA7}</UniqueIdentifier>
    </Filter>
    <Filter Include="sources\scene">
      <UniqueIdentifier>{2369DA97-B740-3E49-B91D-E001510255FA}</UniqueIdentifier>
    </Filter>
    <Filter Include="sources\ui">
      <UniqueIdentifier>{856D2398-9A0C-32BB-8906-BB950D381052}</UniqueIdentifier>
    </Filter>
    <Filter Include="sources\ui\base">
      <UniqueIdentifier>{70F885E2-7649-335B-BEB2-5254B253C290}</UniqueIdentifier>
    </Filter>
    <Filter Include="sources\ui\interaction">
      <UniqueIdentifier>{3BE99A5B-7857-33EB-A24F-AAB66003AA89}</UniqueIdentifier>
    </Filter>
    <Filter Include="sources\ui\visual">
      <UniqueIdentifier>{22604B5B-015D-3D7F-A4CD-1551CF163DAA}</UniqueIdentifier>
    </Filter>
    <Filter Include="sources\utils">
      <UniqueIdentifier>{D73B9664-A846-341A-9C8B-D7DAFDC196E2}</UniqueIdentifier>
    </Filter>
    <Filter Include="third_party">
      <UniqueIdentifier>{72C99801-A42A-39B1-B734-DB9803C5AB24}</UniqueIdentifier>
    </Filter>
    <Filter Include="third_party\cjson">
      <UniqueIdentifier>{F5B58A65-1589-3BA3-9A88-4C5E89E71C84}</UniqueIdentifier>
    </Filter>
    <Filter Include="third_party\im_gui">
      <UniqueIdentifier>{6A4524D2-F6C5-37A2-A8D1-58E3050B9E94}</UniqueIdentifier>
    </Filter>
    <Filter Include="third_party\im_gui\backends">
      <UniqueIdentifier>{2F891310-0C27-34C0-8990-D2591E2D994A}</UniqueIdentifier>
    </Filter>
  </ItemGroup>
</Project>
